
Microsoft Visual Studio Solution File, Format Version 12.00
# Visual Studio Version 17
VisualStudioVersion = 17.4.33205.214
MinimumVisualStudioVersion = 10.0.40219.1
Project("{9A19103F-16F7-4668-BE54-9A1E7A4F7556}") = "Cooking.Service.API", "Cooking.Service.API\Cooking.Service.API.csproj", "{25482FBB-5BC5-4E86-89A1-58BF7EE0165E}"
EndProject
Project("{2150E333-8FDC-42A3-9474-1A3956D46DE8}") = "Services", "Services", "{4A5BA036-4678-4B6D-831D-A24A3AD04322}"
EndProject
Project("{9A19103F-16F7-4668-BE54-9A1E7A4F7556}") = "Cooking.Service.DAL", "Cooking.Service.DAL\Cooking.Service.DAL.csproj", "{4DABF3D5-AFEB-447E-9064-EAF19F3A071C}"
EndProject
Project("{9A19103F-16F7-4668-BE54-9A1E7A4F7556}") = "Cooking.Service.DTO", "Cooking.Service.DTO\Cooking.Service.DTO.csproj", "{DC89B0E0-F3EF-4CD5-AF64-20F3DAB13B06}"
EndProject
Project("{FAE04EC0-301F-11D3-BF4B-00C04F79EFBC}") = "Cooking.Service.Tests", "Cooking.Service.Tests\Cooking.Service.Tests.csproj", "{5B90B8FC-E7C0-4F85-A69E-17D48A3C3F6C}"
EndProject
Global
	GlobalSection(SolutionConfigurationPlatforms) = preSolution
		Debug|Any CPU = Debug|Any CPU
		Release|Any CPU = Release|Any CPU
	EndGlobalSection
	GlobalSection(ProjectConfigurationPlatforms) = postSolution
		{25482FBB-5BC5-4E86-89A1-58BF7EE0165E}.Debug|Any CPU.ActiveCfg = Debug|Any CPU
		{25482FBB-5BC5-4E86-89A1-58BF7EE0165E}.Debug|Any CPU.Build.0 = Debug|Any CPU
		{25482FBB-5BC5-4E86-89A1-58BF7EE0165E}.Release|Any CPU.ActiveCfg = Release|Any CPU
		{25482FBB-5BC5-4E86-89A1-58BF7EE0165E}.Release|Any CPU.Build.0 = Release|Any CPU
		{4DABF3D5-AFEB-447E-9064-EAF19F3A071C}.Debug|Any CPU.ActiveCfg = Debug|Any CPU
		{4DABF3D5-AFEB-447E-9064-EAF19F3A071C}.Debug|Any CPU.Build.0 = Debug|Any CPU
		{4DABF3D5-AFEB-447E-9064-EAF19F3A071C}.Release|Any CPU.ActiveCfg = Release|Any CPU
		{4DABF3D5-AFEB-447E-9064-EAF19F3A071C}.Release|Any CPU.Build.0 = Release|Any CPU
		{DC89B0E0-F3EF-4CD5-AF64-20F3DAB13B06}.Debug|Any CPU.ActiveCfg = Debug|Any CPU
		{DC89B0E0-F3EF-4CD5-AF64-20F3DAB13B06}.Debug|Any CPU.Build.0 = Debug|Any CPU
		{DC89B0E0-F3EF-4CD5-AF64-20F3DAB13B06}.Release|Any CPU.ActiveCfg = Release|Any CPU
		{DC89B0E0-F3EF-4CD5-AF64-20F3DAB13B06}.Release|Any CPU.Build.0 = Release|Any CPU
		{5B90B8FC-E7C0-4F85-A69E-17D48A3C3F6C}.Debug|Any CPU.ActiveCfg = Debug|Any CPU
		{5B90B8FC-E7C0-4F85-A69E-17D48A3C3F6C}.Debug|Any CPU.Build.0 = Debug|Any CPU
		{5B90B8FC-E7C0-4F85-A69E-17D48A3C3F6C}.Release|Any CPU.ActiveCfg = Release|Any CPU
		{5B90B8FC-E7C0-4F85-A69E-17D48A3C3F6C}.Release|Any CPU.Build.0 = Release|Any CPU
	EndGlobalSection
	GlobalSection(SolutionProperties) = preSolution
		HideSolutionNode = FALSE
	EndGlobalSection
	GlobalSection(NestedProjects) = preSolution
		{25482FBB-5BC5-4E86-89A1-58BF7EE0165E} = {4A5BA036-4678-4B6D-831D-A24A3AD04322}
		{4DABF3D5-AFEB-447E-9064-EAF19F3A071C} = {4A5BA036-4678-4B6D-831D-A24A3AD04322}
	EndGlobalSection
	GlobalSection(ExtensibilityGlobals) = postSolution
		SolutionGuid = {49462B59-A70B-48BE-8418-7A357C8F2B24}
	EndGlobalSection
EndGlobal
